github.com/joho/godotenv v1.4.0 h1:3l4+N6zfMWnkbPEXKng2o2/MR5mSwTrBih4ZEkkz1lg=
github.com/joho/godotenv v1.4.0/go.mod h1:f4LDr5Voq0i2e/R5DDNOoa2zzDfwtkZa6DnEwAbqwq4=
github.com/jomei/notionapi v1.5.0 h1:ZDDAblvAXuYJCTpSvG42ClaHSoCcL4zmP1A/A3S0fhY=
github.com/jomei/notionapi v1.5.0/go.mod h1:wgxFlmxL+oIfxclWkt8jta0PkcBepajish2uCxzBxTo=
github.com/pkg/errors v0.9.1 h1:FEBLx1zS214owpjy7qsBeixbURkuhQAwrK5UwLGTwt4=
github.com/pkg/errors v0.9.1/go.mod h1:bwawxfHBFNV+L2hUp1rHADufV3IMtnDRdf1r5NINEl0=
